
Microsoft Visual Studio Solution File, Format Version 12.00
# Visual Studio Version 17
VisualStudioVersion = 17.13.35913.81
MinimumVisualStudioVersion = 10.0.40219.1
Project("{FAE04EC0-301F-11D3-BF4B-00C04F79EFBC}") = "WebAPI_NRE-Portal", "WebAPI_NRE-Portal\WebAPI_NRE-Portal.csproj", "{197FFC30-20C0-4170-B8EC-CA77ABBBAF24}"
EndProject
Project("{FAE04EC0-301F-11D3-BF4B-00C04F79EFBC}") = "MVC_NRE-Portal", "MVC_NRE-Portal\MVC_NRE-Portal.csproj", "{C8382F53-B9DD-4313-A307-848D3FDFB0DE}"
EndProject
Project("{FAE04EC0-301F-11D3-BF4B-00C04F79EFBC}") = "DataLayer_NRE-Portal", "DataLayer_NRE-Portal\DataLayer_NRE-Portal.csproj", "{72560A6E-B491-4067-936B-DD927C1ABA6C}"
EndProject
Global
	GlobalSection(SolutionConfigurationPlatforms) = preSolution
		Debug|Any CPU = Debug|Any CPU
		Release|Any CPU = Release|Any CPU
	EndGlobalSection
	GlobalSection(ProjectConfigurationPlatforms) = postSolution
		{197FFC30-20C0-4170-B8EC-CA77ABBBAF24}.Debug|Any CPU.ActiveCfg = Debug|Any CPU
		{197FFC30-20C0-4170-B8EC-CA77ABBBAF24}.Debug|Any CPU.Build.0 = Debug|Any CPU
		{197FFC30-20C0-4170-B8EC-CA77ABBBAF24}.Release|Any CPU.ActiveCfg = Release|Any CPU
		{197FFC30-20C0-4170-B8EC-CA77ABBBAF24}.Release|Any CPU.Build.0 = Release|Any CPU
		{C8382F53-B9DD-4313-A307-848D3FDFB0DE}.Debug|Any CPU.ActiveCfg = Debug|Any CPU
		{C8382F53-B9DD-4313-A307-848D3FDFB0DE}.Debug|Any CPU.Build.0 = Debug|Any CPU
		{C8382F53-B9DD-4313-A307-848D3FDFB0DE}.Release|Any CPU.ActiveCfg = Release|Any CPU
		{C8382F53-B9DD-4313-A307-848D3FDFB0DE}.Release|Any CPU.Build.0 = Release|Any CPU
		{72560A6E-B491-4067-936B-DD927C1ABA6C}.Debug|Any CPU.ActiveCfg = Debug|Any CPU
		{72560A6E-B491-4067-936B-DD927C1ABA6C}.Debug|Any CPU.Build.0 = Debug|Any CPU
		{72560A6E-B491-4067-936B-DD927C1ABA6C}.Release|Any CPU.ActiveCfg = Release|Any CPU
		{72560A6E-B491-4067-936B-DD927C1ABA6C}.Release|Any CPU.Build.0 = Release|Any CPU
	EndGlobalSection
	GlobalSection(SolutionProperties) = preSolution
		HideSolutionNode = FALSE
	EndGlobalSection
	GlobalSection(ExtensibilityGlobals) = postSolution
		SolutionGuid = {8BE7605B-C1F2-4301-842A-61AF9F24FFA2}
	EndGlobalSection
EndGlobal
